
Microsoft Visual Studio Solution File, Format Version 12.00
# Visual Studio Version 16
VisualStudioVersion = 16.0.31702.278
MinimumVisualStudioVersion = 10.0.40219.1
Project("{9A19103F-16F7-4668-BE54-9A1E7A4F7556}") = "ProductManagement", "FoodManagement1\ProductManagement.csproj", "{E07BFFE8-5942-47B3-A4D3-74B14D9F2DDE}"
EndProject
Global
	GlobalSection(SolutionConfigurationPlatforms) = preSolution
		Debug|Any CPU = Debug|Any CPU
		Release|Any CPU = Release|Any CPU
	EndGlobalSection
	GlobalSection(ProjectConfigurationPlatforms) = postSolution
		{E07BFFE8-5942-47B3-A4D3-74B14D9F2DDE}.Debug|Any CPU.ActiveCfg = Debug|Any CPU
		{E07BFFE8-5942-47B3-A4D3-74B14D9F2DDE}.Debug|Any CPU.Build.0 = Debug|Any CPU
		{E07BFFE8-5942-47B3-A4D3-74B14D9F2DDE}.Release|Any CPU.ActiveCfg = Release|Any CPU
		{E07BFFE8-5942-47B3-A4D3-74B14D9F2DDE}.Release|Any CPU.Build.0 = Release|Any CPU
	EndGlobalSection
	GlobalSection(SolutionProperties) = preSolution
		HideSolutionNode = FALSE
	EndGlobalSection
	GlobalSection(ExtensibilityGlobals) = postSolution
		SolutionGuid = {587E031A-BF36-444E-8C1B-492F8C370B5C}
	EndGlobalSection
EndGlobal
